# @generated by Move, please check-in and do not edit manually.

[move]
version = 2
manifest_digest = "BECB7FA0CC53E5C0560012E2E3F29DF3971D77E9C611BE26CD221153A1D11F7D"
deps_digest = "F8BBB0CCB2491CA29A3DF03D6F92277A4F3574266507ACD77214D37ECA3F3082"
dependencies = [
  { name = "Sui" },
]

[[move.package]]
name = "MoveStdlib"
source = { git = "https://github.com/MystenLabs/sui.git", rev = "framework/testnet", subdir = "crates/sui-framework/packages/move-stdlib" }

[[move.package]]
name = "Sui"
source = { git = "https://github.com/MystenLabs/sui.git", rev = "framework/testnet", subdir = "crates/sui-framework/packages/sui-framework" }

dependencies = [
  { name = "MoveStdlib" },
]

[move.toolchain-version]
compiler-version = "1.30.3"
edition = "2024.beta"
flavor = "sui"

[env]

[env.testnet]
chain-id = "4c78adac"
original-published-id = "0x784370cb40d01b563095e3e3889acf4d1dd2dca66d5d5d05d21c3785e8b4edb8"
latest-published-id = "0x784370cb40d01b563095e3e3889acf4d1dd2dca66d5d5d05d21c3785e8b4edb8"
published-version = "1"
