# @generated by Move, please check-in and do not edit manually.

[move]
version = 2
manifest_digest = "B126766636438CCD60ECFF3F96CF969765AA818814E85A6FD33A3637101E6BF0"
deps_digest = "F8BBB0CCB2491CA29A3DF03D6F92277A4F3574266507ACD77214D37ECA3F3082"
dependencies = [
  { name = "Sui" },
]

[[move.package]]
name = "MoveStdlib"
source = { git = "https://github.com/MystenLabs/sui.git", rev = "framework/testnet", subdir = "crates/sui-framework/packages/move-stdlib" }

[[move.package]]
name = "Sui"
source = { git = "https://github.com/MystenLabs/sui.git", rev = "framework/testnet", subdir = "crates/sui-framework/packages/sui-framework" }

dependencies = [
  { name = "MoveStdlib" },
]

[move.toolchain-version]
compiler-version = "1.30.3"
edition = "2024.beta"
flavor = "sui"

[env]

[env.testnet]
chain-id = "4c78adac"
original-published-id = "0x61335d7165330594736810e045e84d7fd22621d6cbb868779bbb145ae1e23322"
latest-published-id = "0x61335d7165330594736810e045e84d7fd22621d6cbb868779bbb145ae1e23322"
published-version = "1"

[env.mainnet-official-rpc]
chain-id = "35834a8a"
original-published-id = "0x4fa5c4166d472223e0033126da35caa8a37951a33c6f29fc25c95afe67a4bc22"
latest-published-id = "0x4fa5c4166d472223e0033126da35caa8a37951a33c6f29fc25c95afe67a4bc22"
published-version = "1"
